
Microsoft Visual Studio Solution File, Format Version 12.00
# Visual Studio Version 17
VisualStudioVersion = 17.4.33103.184
MinimumVisualStudioVersion = 10.0.40219.1
Project("{FAE04EC0-301F-11D3-BF4B-00C04F79EFBC}") = "MyAdminPanel", "MyAdminPanel\MyAdminPanel.csproj", "{756461B0-0D74-4D61-A0AC-5074422565B2}"
EndProject
Global
	GlobalSection(SolutionConfigurationPlatforms) = preSolution
		Debug|Any CPU = Debug|Any CPU
		Release|Any CPU = Release|Any CPU
	EndGlobalSection
	GlobalSection(ProjectConfigurationPlatforms) = postSolution
		{756461B0-0D74-4D61-A0AC-5074422565B2}.Debug|Any CPU.ActiveCfg = Debug|Any CPU
		{756461B0-0D74-4D61-A0AC-5074422565B2}.Debug|Any CPU.Build.0 = Debug|Any CPU
		{756461B0-0D74-4D61-A0AC-5074422565B2}.Release|Any CPU.ActiveCfg = Release|Any CPU
		{756461B0-0D74-4D61-A0AC-5074422565B2}.Release|Any CPU.Build.0 = Release|Any CPU
	EndGlobalSection
	GlobalSection(SolutionProperties) = preSolution
		HideSolutionNode = FALSE
	EndGlobalSection
	GlobalSection(ExtensibilityGlobals) = postSolution
		SolutionGuid = {D7F98820-5519-4911-ADA3-4B2595A1CF50}
	EndGlobalSection
EndGlobal
